<?xml version="1.0" encoding="utf-8"?>
<Project ToolsVersion="4.0" xmlns="http://schemas.microsoft.com/developer/msbuild/2003">
  <ItemGroup>
    <Filter Include="Vision">
      <UniqueIdentifier>{BD9427D8-A936-52AE-92F1-65027E32D9FE}</UniqueIdentifier>
    </Filter>
  </ItemGroup>
  <ItemGroup>
    <ClInclude Include="src\Vision.h" />
    <ClInclude Include="src\Vision\Application.h">
      <Filter>Vision</Filter>
    </ClInclude>
    <ClInclude Include="src\Vision\Core.h">
      <Filter>Vision</Filter>
    </ClInclude>
    <ClInclude Include="src\Vision\EntryPoint.h">
      <Filter>Vision</Filter>
    </ClInclude>
    <ClInclude Include="src\Vision\Log.h">
      <Filter>Vision</Filter>
    </ClInclude>
    <ClInclude Include="src\vipch.h" />
    <ClInclude Include="src\Vision\Window.h" />
  </ItemGroup>
  <ItemGroup>
    <ClCompile Include="src\Vision\Application.cpp">
      <Filter>Vision</Filter>
    </ClCompile>
    <ClCompile Include="src\Vision\Log.cpp">
      <Filter>Vision</Filter>
    </ClCompile>
    <ClCompile Include="src\vipch.cpp" />
    <ClCompile Include="src\Vision\Window.cpp" />
  </ItemGroup>
</Project>